
Microsoft Visual Studio Solution File, Format Version 12.00
# Visual Studio Version 17
VisualStudioVersion = 17.8.34601.278
MinimumVisualStudioVersion = 10.0.40219.1
Project("{FAE04EC0-301F-11D3-BF4B-00C04F79EFBC}") = "Exercicios repetidos", "Exercicios repetidos\Exercicios repetidos.csproj", "{500B41D4-7D40-431E-82EA-0EEC17850243}"
EndProject
Project("{FAE04EC0-301F-11D3-BF4B-00C04F79EFBC}") = "Exercicio2", "Exercicio2\Exercicio2.csproj", "{DBB8807D-2F0D-4709-A7B0-F9CFA460FD6D}"
EndProject
Project("{FAE04EC0-301F-11D3-BF4B-00C04F79EFBC}") = "Exercicio3", "Exercicio3\Exercicio3.csproj", "{0703335C-C7A0-48EF-A3C4-B5B8DB7E4D27}"
EndProject
Project("{FAE04EC0-301F-11D3-BF4B-00C04F79EFBC}") = "Exercicio4", "Exercicio4\Exercicio4.csproj", "{C62A836B-A915-4E28-907C-F682DD4AE85D}"
EndProject
Project("{FAE04EC0-301F-11D3-BF4B-00C04F79EFBC}") = "Exercicio5", "Exercicio5\Exercicio5.csproj", "{F6A021F4-CB39-47C5-9112-2A81FB9271B5}"
EndProject
Project("{FAE04EC0-301F-11D3-BF4B-00C04F79EFBC}") = "Exercicio6", "Exercicio6\Exercicio6.csproj", "{5D4A8C4A-2EFA-4586-BDE9-9ED6ADD9DAE1}"
EndProject
Project("{FAE04EC0-301F-11D3-BF4B-00C04F79EFBC}") = "Exercicio7", "Exercicio7\Exercicio7.csproj", "{062D571C-A2D3-46B6-BEB3-75CACEE34C72}"
EndProject
Project("{FAE04EC0-301F-11D3-BF4B-00C04F79EFBC}") = "Exercicio8", "Exercicio8\Exercicio8.csproj", "{A11F67A3-ADED-48A4-8BA5-D44F1AE9A115}"
EndProject
Project("{FAE04EC0-301F-11D3-BF4B-00C04F79EFBC}") = "Exercicio9", "Exercicio9\Exercicio9.csproj", "{F464D23E-E9C0-4B00-98C1-99960F946021}"
EndProject
Project("{FAE04EC0-301F-11D3-BF4B-00C04F79EFBC}") = "Exercicio10", "Exercicio10\Exercicio10.csproj", "{A102D33A-A436-47C3-8284-869E5A5EF3A6}"
EndProject
Project("{FAE04EC0-301F-11D3-BF4B-00C04F79EFBC}") = "Exercicio11", "Exercicio11\Exercicio11.csproj", "{B6D06A58-1A88-4B9A-AD4C-45C518FD606E}"
EndProject
Project("{FAE04EC0-301F-11D3-BF4B-00C04F79EFBC}") = "Exercicio12", "Exercicio12\Exercicio12.csproj", "{F64A0E3F-FF4A-4ACB-8514-02FDC8AFBF67}"
EndProject
Project("{FAE04EC0-301F-11D3-BF4B-00C04F79EFBC}") = "Exercicio13", "Exercicio13\Exercicio13.csproj", "{3854B9F4-58B6-4C25-9F5D-65E7289C50CB}"
EndProject
Project("{FAE04EC0-301F-11D3-BF4B-00C04F79EFBC}") = "Exercicio14", "Exercicio14\Exercicio14.csproj", "{2F40FF8B-4A11-4162-B245-AC9050A94BCC}"
EndProject
Global
	GlobalSection(SolutionConfigurationPlatforms) = preSolution
		Debug|Any CPU = Debug|Any CPU
		Release|Any CPU = Release|Any CPU
	EndGlobalSection
	GlobalSection(ProjectConfigurationPlatforms) = postSolution
		{500B41D4-7D40-431E-82EA-0EEC17850243}.Debug|Any CPU.ActiveCfg = Debug|Any CPU
		{500B41D4-7D40-431E-82EA-0EEC17850243}.Debug|Any CPU.Build.0 = Debug|Any CPU
		{500B41D4-7D40-431E-82EA-0EEC17850243}.Release|Any CPU.ActiveCfg = Release|Any CPU
		{500B41D4-7D40-431E-82EA-0EEC17850243}.Release|Any CPU.Build.0 = Release|Any CPU
		{DBB8807D-2F0D-4709-A7B0-F9CFA460FD6D}.Debug|Any CPU.ActiveCfg = Debug|Any CPU
		{DBB8807D-2F0D-4709-A7B0-F9CFA460FD6D}.Debug|Any CPU.Build.0 = Debug|Any CPU
		{DBB8807D-2F0D-4709-A7B0-F9CFA460FD6D}.Release|Any CPU.ActiveCfg = Release|Any CPU
		{DBB8807D-2F0D-4709-A7B0-F9CFA460FD6D}.Release|Any CPU.Build.0 = Release|Any CPU
		{0703335C-C7A0-48EF-A3C4-B5B8DB7E4D27}.Debug|Any CPU.ActiveCfg = Debug|Any CPU
		{0703335C-C7A0-48EF-A3C4-B5B8DB7E4D27}.Debug|Any CPU.Build.0 = Debug|Any CPU
		{0703335C-C7A0-48EF-A3C4-B5B8DB7E4D27}.Release|Any CPU.ActiveCfg = Release|Any CPU
		{0703335C-C7A0-48EF-A3C4-B5B8DB7E4D27}.Release|Any CPU.Build.0 = Release|Any CPU
		{C62A836B-A915-4E28-907C-F682DD4AE85D}.Debug|Any CPU.ActiveCfg = Debug|Any CPU
		{C62A836B-A915-4E28-907C-F682DD4AE85D}.Debug|Any CPU.Build.0 = Debug|Any CPU
		{C62A836B-A915-4E28-907C-F682DD4AE85D}.Release|Any CPU.ActiveCfg = Release|Any CPU
		{C62A836B-A915-4E28-907C-F682DD4AE85D}.Release|Any CPU.Build.0 = Release|Any CPU
		{F6A021F4-CB39-47C5-9112-2A81FB9271B5}.Debug|Any CPU.ActiveCfg = Debug|Any CPU
		{F6A021F4-CB39-47C5-9112-2A81FB9271B5}.Debug|Any CPU.Build.0 = Debug|Any CPU
		{F6A021F4-CB39-47C5-9112-2A81FB9271B5}.Release|Any CPU.ActiveCfg = Release|Any CPU
		{F6A021F4-CB39-47C5-9112-2A81FB9271B5}.Release|Any CPU.Build.0 = Release|Any CPU
		{5D4A8C4A-2EFA-4586-BDE9-9ED6ADD9DAE1}.Debug|Any CPU.ActiveCfg = Debug|Any CPU
		{5D4A8C4A-2EFA-4586-BDE9-9ED6ADD9DAE1}.Debug|Any CPU.Build.0 = Debug|Any CPU
		{5D4A8C4A-2EFA-4586-BDE9-9ED6ADD9DAE1}.Release|Any CPU.ActiveCfg = Release|Any CPU
		{5D4A8C4A-2EFA-4586-BDE9-9ED6ADD9DAE1}.Release|Any CPU.Build.0 = Release|Any CPU
		{062D571C-A2D3-46B6-BEB3-75CACEE34C72}.Debug|Any CPU.ActiveCfg = Debug|Any CPU
		{062D571C-A2D3-46B6-BEB3-75CACEE34C72}.Debug|Any CPU.Build.0 = Debug|Any CPU
		{062D571C-A2D3-46B6-BEB3-75CACEE34C72}.Release|Any CPU.ActiveCfg = Release|Any CPU
		{062D571C-A2D3-46B6-BEB3-75CACEE34C72}.Release|Any CPU.Build.0 = Release|Any CPU
		{A11F67A3-ADED-48A4-8BA5-D44F1AE9A115}.Debug|Any CPU.ActiveCfg = Debug|Any CPU
		{A11F67A3-ADED-48A4-8BA5-D44F1AE9A115}.Debug|Any CPU.Build.0 = Debug|Any CPU
		{A11F67A3-ADED-48A4-8BA5-D44F1AE9A115}.Release|Any CPU.ActiveCfg = Release|Any CPU
		{A11F67A3-ADED-48A4-8BA5-D44F1AE9A115}.Release|Any CPU.Build.0 = Release|Any CPU
		{F464D23E-E9C0-4B00-98C1-99960F946021}.Debug|Any CPU.ActiveCfg = Debug|Any CPU
		{F464D23E-E9C0-4B00-98C1-99960F946021}.Debug|Any CPU.Build.0 = Debug|Any CPU
		{F464D23E-E9C0-4B00-98C1-99960F946021}.Release|Any CPU.ActiveCfg = Release|Any CPU
		{F464D23E-E9C0-4B00-98C1-99960F946021}.Release|Any CPU.Build.0 = Release|Any CPU
		{A102D33A-A436-47C3-8284-869E5A5EF3A6}.Debug|Any CPU.ActiveCfg = Debug|Any CPU
		{A102D33A-A436-47C3-8284-869E5A5EF3A6}.Debug|Any CPU.Build.0 = Debug|Any CPU
		{A102D33A-A436-47C3-8284-869E5A5EF3A6}.Release|Any CPU.ActiveCfg = Release|Any CPU
		{A102D33A-A436-47C3-8284-869E5A5EF3A6}.Release|Any CPU.Build.0 = Release|Any CPU
		{B6D06A58-1A88-4B9A-AD4C-45C518FD606E}.Debug|Any CPU.ActiveCfg = Debug|Any CPU
		{B6D06A58-1A88-4B9A-AD4C-45C518FD606E}.Debug|Any CPU.Build.0 = Debug|Any CPU
		{B6D06A58-1A88-4B9A-AD4C-45C518FD606E}.Release|Any CPU.ActiveCfg = Release|Any CPU
		{B6D06A58-1A88-4B9A-AD4C-45C518FD606E}.Release|Any CPU.Build.0 = Release|Any CPU
		{F64A0E3F-FF4A-4ACB-8514-02FDC8AFBF67}.Debug|Any CPU.ActiveCfg = Debug|Any CPU
		{F64A0E3F-FF4A-4ACB-8514-02FDC8AFBF67}.Debug|Any CPU.Build.0 = Debug|Any CPU
		{F64A0E3F-FF4A-4ACB-8514-02FDC8AFBF67}.Release|Any CPU.ActiveCfg = Release|Any CPU
		{F64A0E3F-FF4A-4ACB-8514-02FDC8AFBF67}.Release|Any CPU.Build.0 = Release|Any CPU
		{3854B9F4-58B6-4C25-9F5D-65E7289C50CB}.Debug|Any CPU.ActiveCfg = Debug|Any CPU
		{3854B9F4-58B6-4C25-9F5D-65E7289C50CB}.Debug|Any CPU.Build.0 = Debug|Any CPU
		{3854B9F4-58B6-4C25-9F5D-65E7289C50CB}.Release|Any CPU.ActiveCfg = Release|Any CPU
		{3854B9F4-58B6-4C25-9F5D-65E7289C50CB}.Release|Any CPU.Build.0 = Release|Any CPU
		{2F40FF8B-4A11-4162-B245-AC9050A94BCC}.Debug|Any CPU.ActiveCfg = Debug|Any CPU
		{2F40FF8B-4A11-4162-B245-AC9050A94BCC}.Debug|Any CPU.Build.0 = Debug|Any CPU
		{2F40FF8B-4A11-4162-B245-AC9050A94BCC}.Release|Any CPU.ActiveCfg = Release|Any CPU
		{2F40FF8B-4A11-4162-B245-AC9050A94BCC}.Release|Any CPU.Build.0 = Release|Any CPU
	EndGlobalSection
	GlobalSection(SolutionProperties) = preSolution
		HideSolutionNode = FALSE
	EndGlobalSection
	GlobalSection(ExtensibilityGlobals) = postSolution
		SolutionGuid = {482F56BA-B630-4C54-BC21-640377EEBE62}
	EndGlobalSection
EndGlobal
